// !$*UTF8*$!
{
	archiveVersion = 1;
	classes = {
	};
	objectVersion = 50;
	objects = {

/* Begin PBXBuildFile section */
		5EC8AD862427EEDC0049291F /* AppDelegate.swift in Sources */ = {isa = PBXBuildFile; fileRef = 5EC8AD852427EEDC0049291F /* AppDelegate.swift */; };
		5EC8AD882427EEDC0049291F /* SceneDelegate.swift in Sources */ = {isa = PBXBuildFile; fileRef = 5EC8AD872427EEDC0049291F /* SceneDelegate.swift */; };
		5EC8AD8A2427EEDC0049291F /* ViewController.swift in Sources */ = {isa = PBXBuildFile; fileRef = 5EC8AD892427EEDC0049291F /* ViewController.swift */; };
		5EC8AD8D2427EEDC0049291F /* Main.storyboard in Resources */ = {isa = PBXBuildFile; fileRef = 5EC8AD8B2427EEDC0049291F /* Main.storyboard */; };
		5EC8AD8F2427EEE00049291F /* Assets.xcassets in Resources */ = {isa = PBXBuildFile; fileRef = 5EC8AD8E2427EEE00049291F /* Assets.xcassets */; };
		5EC8AD922427EEE00049291F /* LaunchScreen.storyboard in Resources */ = {isa = PBXBuildFile; fileRef = 5EC8AD902427EEE00049291F /* LaunchScreen.storyboard */; };
		5EC8AD9A2427EF7E0049291F /* Service.swift in Sources */ = {isa = PBXBuildFile; fileRef = 5EC8AD992427EF7E0049291F /* Service.swift */; };
		5EC8AD9C2427F1C50049291F /* MovieModel.swift in Sources */ = {isa = PBXBuildFile; fileRef = 5EC8AD9B2427F1C50049291F /* MovieModel.swift */; };
		5EC8AD9E2427F63B0049291F /* MovieViewModel.swift in Sources */ = {isa = PBXBuildFile; fileRef = 5EC8AD9D2427F63B0049291F /* MovieViewModel.swift */; };
/* End PBXBuildFile section */

/* Begin PBXFileReference section */
		5EC8AD822427EEDC0049291F /* MVVM.app */ = {isa = PBXFileReference; explicitFileType = wrapper.application; includeInIndex = 0; path = MVVM.app; sourceTree = BUILT_PRODUCTS_DIR; };
		5EC8AD852427EEDC0049291F /* AppDelegate.swift */ = {isa = PBXFileReference; lastKnownFileType = sourcecode.swift; path = AppDelegate.swift; sourceTree = "<group>"; };
		5EC8AD872427EEDC0049291F /* SceneDelegate.swift */ = {isa = PBXFileReference; lastKnownFileType = sourcecode.swift; path = SceneDelegate.swift; sourceTree = "<group>"; };
		5EC8AD892427EEDC0049291F /* ViewController.swift */ = {isa = PBXFileReference; lastKnownFileType = sourcecode.swift; path = ViewController.swift; sourceTree = "<group>"; };
		5EC8AD8C2427EEDC0049291F /* Base */ = {isa = PBXFileReference; lastKnownFileType = file.storyboard; name = Base; path = Base.lproj/Main.storyboard; sourceTree = "<group>"; };
		5EC8AD8E2427EEE00049291F /* Assets.xcassets */ = {isa = PBXFileReference; lastKnownFileType = folder.assetcatalog; path = Assets.xcassets; sourceTree = "<group>"; };
		5EC8AD912427EEE00049291F /* Base */ = {isa = PBXFileReference; lastKnownFileType = file.storyboard; name = Base; path = Base.lproj/LaunchScreen.storyboard; sourceTree = "<group>"; };
		5EC8AD932427EEE00049291F /* Info.plist */ = {isa = PBXFileReference; lastKnownFileType = text.plist.xml; path = Info.plist; sourceTree = "<group>"; };
		5EC8AD992427EF7E0049291F /* Service.swift */ = {isa = PBXFileReference; lastKnownFileType = sourcecode.swift; path = Service.swift; sourceTree = "<group>"; };
		5EC8AD9B2427F1C50049291F /* MovieModel.swift */ = {isa = PBXFileReference; lastKnownFileType = sourcecode.swift; path = MovieModel.swift; sourceTree = "<group>"; };
		5EC8AD9D2427F63B0049291F /* MovieViewModel.swift */ = {isa = PBXFileReference; lastKnownFileType = sourcecode.swift; path = MovieViewModel.swift; sourceTree = "<group>"; };
/* End PBXFileReference section */

/* Begin PBXFrameworksBuildPhase section */
		5EC8AD7F2427EEDC0049291F /* Frameworks */ = {
			isa = PBXFrameworksBuildPhase;
			buildActionMask = 2147483647;
			files = (
			);
			runOnlyForDeploymentPostprocessing = 0;
		};
/* End PBXFrameworksBuildPhase section */

/* Begin PBXGroup section */
		5EC8AD792427EEDC0049291F = {
			isa = PBXGroup;
			children = (
				5EC8AD842427EEDC0049291F /* MVVM */,
				5EC8AD832427EEDC0049291F /* Products */,
			);
			sourceTree = "<group>";
		};
		5EC8AD832427EEDC0049291F /* Products */ = {
			isa = PBXGroup;
			children = (
				5EC8AD822427EEDC0049291F /* MVVM.app */,
			);
			name = Products;
			sourceTree = "<group>";
		};
		5EC8AD842427EEDC0049291F /* MVVM */ = {
			isa = PBXGroup;
			children = (
				5EC8AD852427EEDC0049291F /* AppDelegate.swift */,
				5EC8AD872427EEDC0049291F /* SceneDelegate.swift */,
				5EC8AD9F2428D75A0049291F /* Model */,
				5EC8ADA02428D7680049291F /* ViewModel */,
				5EC8ADA12428D77F0049291F /* View */,
				5EC8ADA22428D7B80049291F /* Service */,
				5EC8AD8B2427EEDC0049291F /* Main.storyboard */,
				5EC8AD8E2427EEE00049291F /* Assets.xcassets */,
				5EC8AD902427EEE00049291F /* LaunchScreen.storyboard */,
				5EC8AD932427EEE00049291F /* Info.plist */,
			);
			path = MVVM;
			sourceTree = "<group>";
		};
		5EC8AD9F2428D75A0049291F /* Model */ = {
			isa = PBXGroup;
			children = (
				5EC8AD9B2427F1C50049291F /* MovieModel.swift */,
			);
			path = Model;
			sourceTree = "<group>";
		};
		5EC8ADA02428D7680049291F /* ViewModel */ = {
			isa = PBXGroup;
			children = (
				5EC8AD9D2427F63B0049291F /* MovieViewModel.swift */,
			);
			path = ViewModel;
			sourceTree = "<group>";
		};
		5EC8ADA12428D77F0049291F /* View */ = {
			isa = PBXGroup;
			children = (
				5EC8AD892427EEDC0049291F /* ViewController.swift */,
			);
			path = View;
			sourceTree = "<group>";
		};
		5EC8ADA22428D7B80049291F /* Service */ = {
			isa = PBXGroup;
			children = (
				5EC8AD992427EF7E0049291F /* Service.swift */,
			);
			path = Service;
			sourceTree = "<group>";
		};
/* End PBXGroup section */

/* Begin PBXNativeTarget section */
		5EC8AD812427EEDC0049291F /* MVVM */ = {
			isa = PBXNativeTarget;
			buildConfigurationList = 5EC8AD962427EEE00049291F /* Build configuration list for PBXNativeTarget "MVVM" */;
			buildPhases = (
				5EC8AD7E2427EEDC0049291F /* Sources */,
				5EC8AD7F2427EEDC0049291F /* Frameworks */,
				5EC8AD802427EEDC0049291F /* Resources */,
			);
			buildRules = (
			);
			dependencies = (
			);
			name = MVVM;
			productName = MVVM;
			productReference = 5EC8AD822427EEDC0049291F /* MVVM.app */;
			productType = "com.apple.product-type.application";
		};
/* End PBXNativeTarget section */

/* Begin PBXProject section */
		5EC8AD7A2427EEDC0049291F /* Project object */ = {
			isa = PBXProject;
			attributes = {
				LastSwiftUpdateCheck = 1120;
				LastUpgradeCheck = 1120;
				ORGANIZATIONNAME = "Lucídio Andrade Barbosa de Souza";
				TargetAttributes = {
					5EC8AD812427EEDC0049291F = {
						CreatedOnToolsVersion = 11.2.1;
					};
				};
			};
			buildConfigurationList = 5EC8AD7D2427EEDC0049291F /* Build configuration list for PBXProject "MVVM" */;
			compatibilityVersion = "Xcode 9.3";
			developmentRegion = en;
			hasScannedForEncodings = 0;
			knownRegions = (
				en,
				Base,
			);
			mainGroup = 5EC8AD792427EEDC0049291F;
			productRefGroup = 5EC8AD832427EEDC0049291F /* Products */;
			projectDirPath = "";
			projectRoot = "";
			targets = (
				5EC8AD812427EEDC0049291F /* MVVM */,
			);
		};
/* End PBXProject section */

/* Begin PBXResourcesBuildPhase section */
		5EC8AD802427EEDC0049291F /* Resources */ = {
			isa = PBXResourcesBuildPhase;
			buildActionMask = 2147483647;
			files = (
				5EC8AD922427EEE00049291F /* LaunchScreen.storyboard in Resources */,
				5EC8AD8F2427EEE00049291F /* Assets.xcassets in Resources */,
				5EC8AD8D2427EEDC0049291F /* Main.storyboard in Resources */,
			);
			runOnlyForDeploymentPostprocessing = 0;
		};
/* End PBXResourcesBuildPhase section */

/* Begin PBXSourcesBuildPhase section */
		5EC8AD7E2427EEDC0049291F /* Sources */ = {
			isa = PBXSourcesBuildPhase;
			buildActionMask = 2147483647;
			files = (
				5EC8AD8A2427EEDC0049291F /* ViewController.swift in Sources */,
				5EC8AD9A2427EF7E0049291F /* Service.swift in Sources */,
				5EC8AD9C2427F1C50049291F /* MovieModel.swift in Sources */,
				5EC8AD862427EEDC0049291F /* AppDelegate.swift in Sources */,
				5EC8AD882427EEDC0049291F /* SceneDelegate.swift in Sources */,
				5EC8AD9E2427F63B0049291F /* MovieViewModel.swift in Sources */,
			);
			runOnlyForDeploymentPostprocessing = 0;
		};
/* End PBXSourcesBuildPhase section */

/* Begin PBXVariantGroup section */
		5EC8AD8B2427EEDC0049291F /* Main.storyboard */ = {
			isa = PBXVariantGroup;
			children = (
				5EC8AD8C2427EEDC0049291F /* Base */,
			);
			name = Main.storyboard;
			sourceTree = "<group>";
		};
		5EC8AD902427EEE00049291F /* LaunchScreen.storyboard */ = {
			isa = PBXVariantGroup;
			children = (
				5EC8AD912427EEE00049291F /* Base */,
			);
			name = LaunchScreen.storyboard;
			sourceTree = "<group>";
		};
/* End PBXVariantGroup section */

/* Begin XCBuildConfiguration section */
		5EC8AD942427EEE00049291F /* Debug */ = {
			isa = XCBuildConfiguration;
			buildSettings = {
				ALWAYS_SEARCH_USER_PATHS = NO;
				CLANG_ANALYZER_NONNULL = YES;
				CLANG_ANALYZER_NUMBER_OBJECT_CONVERSION = YES_AGGRESSIVE;
				CLANG_CXX_LANGUAGE_STANDARD = "gnu++14";
				CLANG_CXX_LIBRARY = "libc++";
				CLANG_ENABLE_MODULES = YES;
				CLANG_ENABLE_OBJC_ARC = YES;
				CLANG_ENABLE_OBJC_WEAK = YES;
				CLANG_WARN_BLOCK_CAPTURE_AUTORELEASING = YES;
				CLANG_WARN_BOOL_CONVERSION = YES;
				CLANG_WARN_COMMA = YES;
				CLANG_WARN_CONSTANT_CONVERSION = YES;
				CLANG_WARN_DEPRECATED_OBJC_IMPLEMENTATIONS = YES;
				CLANG_WARN_DIRECT_OBJC_ISA_USAGE = YES_ERROR;
				CLANG_WARN_DOCUMENTATION_COMMENTS = YES;
				CLANG_WARN_EMPTY_BODY = YES;
				CLANG_WARN_ENUM_CONVERSION = YES;
				CLANG_WARN_INFINITE_RECURSION = YES;
				CLANG_WARN_INT_CONVERSION = YES;
				CLANG_WARN_NON_LITERAL_NULL_CONVERSION = YES;
				CLANG_WARN_OBJC_IMPLICIT_RETAIN_SELF = YES;
				CLANG_WARN_OBJC_LITERAL_CONVERSION = YES;
				CLANG_WARN_OBJC_ROOT_CLASS = YES_ERROR;
				CLANG_WARN_RANGE_LOOP_ANALYSIS = YES;
				CLANG_WARN_STRICT_PROTOTYPES = YES;
				CLANG_WARN_SUSPICIOUS_MOVE = YES;
				CLANG_WARN_UNGUARDED_AVAILABILITY = YES_AGGRESSIVE;
				CLANG_WARN_UNREACHABLE_CODE = YES;
				CLANG_WARN__DUPLICATE_METHOD_MATCH = YES;
				COPY_PHASE_STRIP = NO;
				DEBUG_INFORMATION_FORMAT = dwarf;
				ENABLE_STRICT_OBJC_MSGSEND = YES;
				ENABLE_TESTABILITY = YES;
				GCC_C_LANGUAGE_STANDARD = gnu11;
				GCC_DYNAMIC_NO_PIC = NO;
				GCC_NO_COMMON_BLOCKS = YES;
				GCC_OPTIMIZATION_LEVEL = 0;
				GCC_PREPROCESSOR_DEFINITIONS = (
					"DEBUG=1",
					"$(inherited)",
				);
				GCC_WARN_64_TO_32_BIT_CONVERSION = YES;
				GCC_WARN_ABOUT_RETURN_TYPE = YES_ERROR;
				GCC_WARN_UNDECLARED_SELECTOR = YES;
				GCC_WARN_UNINITIALIZED_AUTOS = YES_AGGRESSIVE;
				GCC_WARN_UNUSED_FUNCTION = YES;
				GCC_WARN_UNUSED_VARIABLE = YES;
				IPHONEOS_DEPLOYMENT_TARGET = 13.2;
				MTL_ENABLE_DEBUG_INFO = INCLUDE_SOURCE;
				MTL_FAST_MATH = YES;
				ONLY_ACTIVE_ARCH = YES;
				SDKROOT = iphoneos;
				SWIFT_ACTIVE_COMPILATION_CONDITIONS = DEBUG;
				SWIFT_OPTIMIZATION_LEVEL = "-Onone";
			};
			name = Debug;
		};
		5EC8AD952427EEE00049291F /* Release */ = {
			isa = XCBuildConfiguration;
			buildSettings = {
				ALWAYS_SEARCH_USER_PATHS = NO;
				CLANG_ANALYZER_NONNULL = YES;
				CLANG_ANALYZER_NUMBER_OBJECT_CONVERSION = YES_AGGRESSIVE;
				CLANG_CXX_LANGUAGE_STANDARD = "gnu++14";
				CLANG_CXX_LIBRARY = "libc++";
				CLANG_ENABLE_MODULES = YES;
				CLANG_ENABLE_OBJC_ARC = YES;
				CLANG_ENABLE_OBJC_WEAK = YES;
				CLANG_WARN_BLOCK_CAPTURE_AUTORELEASING = YES;
				CLANG_WARN_BOOL_CONVERSION = YES;
				CLANG_WARN_COMMA = YES;
				CLANG_WARN_CONSTANT_CONVERSION = YES;
				CLANG_WARN_DEPRECATED_OBJC_IMPLEMENTATIONS = YES;
				CLANG_WARN_DIRECT_OBJC_ISA_USAGE = YES_ERROR;
				CLANG_WARN_DOCUMENTATION_COMMENTS = YES;
				CLANG_WARN_EMPTY_BODY = YES;
				CLANG_WARN_ENUM_CONVERSION = YES;
				CLANG_WARN_INFINITE_RECURSION = YES;
				CLANG_WARN_INT_CONVERSION = YES;
				CLANG_WARN_NON_LITERAL_NULL_CONVERSION = YES;
				CLANG_WARN_OBJC_IMPLICIT_RETAIN_SELF = YES;
				CLANG_WARN_OBJC_LITERAL_CONVERSION = YES;
				CLANG_WARN_OBJC_ROOT_CLASS = YES_ERROR;
				CLANG_WARN_RANGE_LOOP_ANALYSIS = YES;
				CLANG_WARN_STRICT_PROTOTYPES = YES;
				CLANG_WARN_SUSPICIOUS_MOVE = YES;
				CLANG_WARN_UNGUARDED_AVAILABILITY = YES_AGGRESSIVE;
				CLANG_WARN_UNREACHABLE_CODE = YES;
				CLANG_WARN__DUPLICATE_METHOD_MATCH = YES;
				COPY_PHASE_STRIP = NO;
				DEBUG_INFORMATION_FORMAT = "dwarf-with-dsym";
				ENABLE_NS_ASSERTIONS = NO;
				ENABLE_STRICT_OBJC_MSGSEND = YES;
				GCC_C_LANGUAGE_STANDARD = gnu11;
				GCC_NO_COMMON_BLOCKS = YES;
				GCC_WARN_64_TO_32_BIT_CONVERSION = YES;
				GCC_WARN_ABOUT_RETURN_TYPE = YES_ERROR;
				GCC_WARN_UNDECLARED_SELECTOR = YES;
				GCC_WARN_UNINITIALIZED_AUTOS = YES_AGGRESSIVE;
				GCC_WARN_UNUSED_FUNCTION = YES;
				GCC_WARN_UNUSED_VARIABLE = YES;
				IPHONEOS_DEPLOYMENT_TARGET = 13.2;
				MTL_ENABLE_DEBUG_INFO = NO;
				MTL_FAST_MATH = YES;
				SDKROOT = iphoneos;
				SWIFT_COMPILATION_MODE = wholemodule;
				SWIFT_OPTIMIZATION_LEVEL = "-O";
				VALIDATE_PRODUCT = YES;
			};
			name = Release;
		};
		5EC8AD972427EEE00049291F /* Debug */ = {
			isa = XCBuildConfiguration;
			buildSettings = {
				ASSETCATALOG_COMPILER_APPICON_NAME = AppIcon;
				CODE_SIGN_STYLE = Automatic;
				DEVELOPMENT_TEAM = 2CW963BG8P;
				INFOPLIST_FILE = MVVM/Info.plist;
				LD_RUNPATH_SEARCH_PATHS = (
					"$(inherited)",
					"@executable_path/Frameworks",
				);
				PRODUCT_BUNDLE_IDENTIFIER = Academy.MVVM;
				PRODUCT_NAME = "$(TARGET_NAME)";
				SWIFT_VERSION = 5.0;
				TARGETED_DEVICE_FAMILY = "1,2";
			};
			name = Debug;
		};
		5EC8AD982427EEE00049291F /* Release */ = {
			isa = XCBuildConfiguration;
			buildSettings = {
				ASSETCATALOG_COMPILER_APPICON_NAME = AppIcon;
				CODE_SIGN_STYLE = Automatic;
				DEVELOPMENT_TEAM = 2CW963BG8P;
				INFOPLIST_FILE = MVVM/Info.plist;
				LD_RUNPATH_SEARCH_PATHS = (
					"$(inherited)",
					"@executable_path/Frameworks",
				);
				PRODUCT_BUNDLE_IDENTIFIER = Academy.MVVM;
				PRODUCT_NAME = "$(TARGET_NAME)";
				SWIFT_VERSION = 5.0;
				TARGETED_DEVICE_FAMILY = "1,2";
			};
			name = Release;
		};
/* End XCBuildConfiguration section */

/* Begin XCConfigurationList section */
		5EC8AD7D2427EEDC0049291F /* Build configuration list for PBXProject "MVVM" */ = {
			isa = XCConfigurationList;
			buildConfigurations = (
				5EC8AD942427EEE00049291F /* Debug */,
				5EC8AD952427EEE00049291F /* Release */,
			);
			defaultConfigurationIsVisible = 0;
			defaultConfigurationName = Release;
		};
		5EC8AD962427EEE00049291F /* Build configuration list for PBXNativeTarget "MVVM" */ = {
			isa = XCConfigurationList;
			buildConfigurations = (
				5EC8AD972427EEE00049291F /* Debug */,
				5EC8AD982427EEE00049291F /* Release */,
			);
			defaultConfigurationIsVisible = 0;
			defaultConfigurationName = Release;
		};
/* End XCConfigurationList section */
	};
	rootObject = 5EC8AD7A2427EEDC0049291F /* Project object */;
}
